// !$*UTF8*$!
{
	archiveVersion = 1;
	classes = {
	};
	objectVersion = 56;
	objects = {

/* Begin PBXBuildFile section */
		C103A5BB29D6993A00F1F442 /* GeneralStudiesView.swift in Sources */ = {isa = PBXBuildFile; fileRef = C103A5BA29D6993A00F1F442 /* GeneralStudiesView.swift */; };
		C103A5BD29D699B200F1F442 /* VolunteerView.swift in Sources */ = {isa = PBXBuildFile; fileRef = C103A5BC29D699B200F1F442 /* VolunteerView.swift */; };
		C103A5BF29D69BF700F1F442 /* GeneralStudiesList.swift in Sources */ = {isa = PBXBuildFile; fileRef = C103A5BE29D69BF700F1F442 /* GeneralStudiesList.swift */; };
		C109514829E160F600ABDEA2 /* Account.swift in Sources */ = {isa = PBXBuildFile; fileRef = C109514729E160F600ABDEA2 /* Account.swift */; };
		C1235C3429DEAB8800101F6D /* LoginView.swift in Sources */ = {isa = PBXBuildFile; fileRef = C1235C3329DEAB8800101F6D /* LoginView.swift */; };
		C1235C3629DEAEA200101F6D /* MainCourseSelectionView.swift in Sources */ = {isa = PBXBuildFile; fileRef = C1235C3529DEAEA200101F6D /* MainCourseSelectionView.swift */; };
		C1235C3829DEB02600101F6D /* HomePageView.swift in Sources */ = {isa = PBXBuildFile; fileRef = C1235C3729DEB02600101F6D /* HomePageView.swift */; };
		C1235C3B29DEB46400101F6D /* ImageRow.swift in Sources */ = {isa = PBXBuildFile; fileRef = C1235C3A29DEB46400101F6D /* ImageRow.swift */; };
		C1235C3D29DEB4B200101F6D /* FullImageRow.swift in Sources */ = {isa = PBXBuildFile; fileRef = C1235C3C29DEB4B200101F6D /* FullImageRow.swift */; };
		C1235C4529DEBE8400101F6D /* CustomBackButton.swift in Sources */ = {isa = PBXBuildFile; fileRef = C1235C4429DEBE8400101F6D /* CustomBackButton.swift */; };
		C136672429C89BEF009B6FA3 /* func.swift in Sources */ = {isa = PBXBuildFile; fileRef = C136672329C89BEF009B6FA3 /* func.swift */; };
		C136672A29C89C88009B6FA3 /* GeneralCourseView.swift in Sources */ = {isa = PBXBuildFile; fileRef = C136672929C89C88009B6FA3 /* GeneralCourseView.swift */; };
		C136672C29C89C9B009B6FA3 /* TextImageRow.swift in Sources */ = {isa = PBXBuildFile; fileRef = C136672B29C89C9B009B6FA3 /* TextImageRow.swift */; };
		C17B49A829DEE918007FB2F3 /* GradingView.swift in Sources */ = {isa = PBXBuildFile; fileRef = C17B49A729DEE918007FB2F3 /* GradingView.swift */; };
		C17B49AA29DEE9FB007FB2F3 /* CreditsView.swift in Sources */ = {isa = PBXBuildFile; fileRef = C17B49A929DEE9FB007FB2F3 /* CreditsView.swift */; };
		C17B49AC29DEEA0D007FB2F3 /* GradesView.swift in Sources */ = {isa = PBXBuildFile; fileRef = C17B49AB29DEEA0D007FB2F3 /* GradesView.swift */; };
		C17B49AE29DEEB97007FB2F3 /* GraduationThreshold.swift in Sources */ = {isa = PBXBuildFile; fileRef = C17B49AD29DEEB97007FB2F3 /* GraduationThreshold.swift */; };
		C17B49B229DEF6B1007FB2F3 /* GeneralStudies.swift in Sources */ = {isa = PBXBuildFile; fileRef = C17B49B129DEF6B1007FB2F3 /* GeneralStudies.swift */; };
		C17B49B429DEF789007FB2F3 /* PhysicalEducation.swift in Sources */ = {isa = PBXBuildFile; fileRef = C17B49B329DEF789007FB2F3 /* PhysicalEducation.swift */; };
		C17B49B629DEFB0C007FB2F3 /* Score.swift in Sources */ = {isa = PBXBuildFile; fileRef = C17B49B529DEFB0C007FB2F3 /* Score.swift */; };
		C17B49B829DEFBE0007FB2F3 /* CreditEnquiry.swift in Sources */ = {isa = PBXBuildFile; fileRef = C17B49B729DEFBE0007FB2F3 /* CreditEnquiry.swift */; };
		C18DB4BD29DFD94F000AA7CA /* CardView.swift in Sources */ = {isa = PBXBuildFile; fileRef = C18DB4BC29DFD94F000AA7CA /* CardView.swift */; };
		C18DB4BF29DFD97F000AA7CA /* Information.swift in Sources */ = {isa = PBXBuildFile; fileRef = C18DB4BE29DFD97F000AA7CA /* Information.swift */; };
		C18DB4C129DFDCB7000AA7CA /* SchoolWebsiteView.swift in Sources */ = {isa = PBXBuildFile; fileRef = C18DB4C029DFDCB7000AA7CA /* SchoolWebsiteView.swift */; };
		C18DB4C429E021F7000AA7CA /* ScheduleView.swift in Sources */ = {isa = PBXBuildFile; fileRef = C18DB4C329E021F7000AA7CA /* ScheduleView.swift */; };
		C18DB4C629E0282D000AA7CA /* CreditInfo.swift in Sources */ = {isa = PBXBuildFile; fileRef = C18DB4C529E0282D000AA7CA /* CreditInfo.swift */; };
		C18DB4CA29E03230000AA7CA /* GradingFunc.swift in Sources */ = {isa = PBXBuildFile; fileRef = C18DB4C929E03230000AA7CA /* GradingFunc.swift */; };
		C1A7CBCF29DA83B900306AD2 /* CompactFilterBar.swift in Sources */ = {isa = PBXBuildFile; fileRef = C1A7CBCE29DA83B900306AD2 /* CompactFilterBar.swift */; };
		C1AE4E0C29D084E600CD44DE /* SearchBar.swift in Sources */ = {isa = PBXBuildFile; fileRef = C1AE4E0B29D084E600CD44DE /* SearchBar.swift */; };
		C1AE4E0E29D08AB500CD44DE /* CourseDetailView.swift in Sources */ = {isa = PBXBuildFile; fileRef = C1AE4E0D29D08AB500CD44DE /* CourseDetailView.swift */; };
		C1C4C55029C8980800E79AB4 /* CourseSelectionApp.swift in Sources */ = {isa = PBXBuildFile; fileRef = C1C4C54F29C8980800E79AB4 /* CourseSelectionApp.swift */; };
		C1C4C55229C8980800E79AB4 /* ContentView.swift in Sources */ = {isa = PBXBuildFile; fileRef = C1C4C55129C8980800E79AB4 /* ContentView.swift */; };
		C1C4C55429C8980900E79AB4 /* Assets.xcassets in Resources */ = {isa = PBXBuildFile; fileRef = C1C4C55329C8980900E79AB4 /* Assets.xcassets */; };
		C1C4C55829C8980900E79AB4 /* Preview Assets.xcassets in Resources */ = {isa = PBXBuildFile; fileRef = C1C4C55729C8980900E79AB4 /* Preview Assets.xcassets */; };
		C1C4C56229C8986100E79AB4 /* Course.swift in Sources */ = {isa = PBXBuildFile; fileRef = C1C4C56129C8986100E79AB4 /* Course.swift */; };
		C1DDDE9A29DAB7EB00F1728A /* Background.swift in Sources */ = {isa = PBXBuildFile; fileRef = C1DDDE9929DAB7EB00F1728A /* Background.swift */; };
		C1DDDE9C29DAB83600F1728A /* Time.swift in Sources */ = {isa = PBXBuildFile; fileRef = C1DDDE9B29DAB83600F1728A /* Time.swift */; };
		C1DDDE9E29DABAA800F1728A /* FavoritesView.swift in Sources */ = {isa = PBXBuildFile; fileRef = C1DDDE9D29DABAA800F1728A /* FavoritesView.swift */; };
		C1FF9B1229D94D0000EAA510 /* FilterBar.swift in Sources */ = {isa = PBXBuildFile; fileRef = C1FF9B1129D94D0000EAA510 /* FilterBar.swift */; };
/* End PBXBuildFile section */

/* Begin PBXFileReference section */
		C103A5BA29D6993A00F1F442 /* GeneralStudiesView.swift */ = {isa = PBXFileReference; lastKnownFileType = sourcecode.swift; path = GeneralStudiesView.swift; sourceTree = "<group>"; };
		C103A5BC29D699B200F1F442 /* VolunteerView.swift */ = {isa = PBXFileReference; lastKnownFileType = sourcecode.swift; path = VolunteerView.swift; sourceTree = "<group>"; };
		C103A5BE29D69BF700F1F442 /* GeneralStudiesList.swift */ = {isa = PBXFileReference; lastKnownFileType = sourcecode.swift; path = GeneralStudiesList.swift; sourceTree = "<group>"; };
		C109514729E160F600ABDEA2 /* Account.swift */ = {isa = PBXFileReference; lastKnownFileType = sourcecode.swift; path = Account.swift; sourceTree = "<group>"; };
		C1235C3329DEAB8800101F6D /* LoginView.swift */ = {isa = PBXFileReference; lastKnownFileType = sourcecode.swift; path = LoginView.swift; sourceTree = "<group>"; };
		C1235C3529DEAEA200101F6D /* MainCourseSelectionView.swift */ = {isa = PBXFileReference; lastKnownFileType = sourcecode.swift; path = MainCourseSelectionView.swift; sourceTree = "<group>"; };
		C1235C3729DEB02600101F6D /* HomePageView.swift */ = {isa = PBXFileReference; lastKnownFileType = sourcecode.swift; path = HomePageView.swift; sourceTree = "<group>"; };
		C1235C3A29DEB46400101F6D /* ImageRow.swift */ = {isa = PBXFileReference; lastKnownFileType = sourcecode.swift; path = ImageRow.swift; sourceTree = "<group>"; };
		C1235C3C29DEB4B200101F6D /* FullImageRow.swift */ = {isa = PBXFileReference; lastKnownFileType = sourcecode.swift; path = FullImageRow.swift; sourceTree = "<group>"; };
		C1235C4429DEBE8400101F6D /* CustomBackButton.swift */ = {isa = PBXFileReference; lastKnownFileType = sourcecode.swift; path = CustomBackButton.swift; sourceTree = "<group>"; };
		C136672329C89BEF009B6FA3 /* func.swift */ = {isa = PBXFileReference; lastKnownFileType = sourcecode.swift; path = func.swift; sourceTree = "<group>"; };
		C136672929C89C88009B6FA3 /* GeneralCourseView.swift */ = {isa = PBXFileReference; lastKnownFileType = sourcecode.swift; path = GeneralCourseView.swift; sourceTree = "<group>"; };
		C136672B29C89C9B009B6FA3 /* TextImageRow.swift */ = {isa = PBXFileReference; lastKnownFileType = sourcecode.swift; path = TextImageRow.swift; sourceTree = "<group>"; };
		C17B49A729DEE918007FB2F3 /* GradingView.swift */ = {isa = PBXFileReference; lastKnownFileType = sourcecode.swift; path = GradingView.swift; sourceTree = "<group>"; };
		C17B49A929DEE9FB007FB2F3 /* CreditsView.swift */ = {isa = PBXFileReference; lastKnownFileType = sourcecode.swift; path = CreditsView.swift; sourceTree = "<group>"; };
		C17B49AB29DEEA0D007FB2F3 /* GradesView.swift */ = {isa = PBXFileReference; lastKnownFileType = sourcecode.swift; path = GradesView.swift; sourceTree = "<group>"; };
		C17B49AD29DEEB97007FB2F3 /* GraduationThreshold.swift */ = {isa = PBXFileReference; lastKnownFileType = sourcecode.swift; path = GraduationThreshold.swift; sourceTree = "<group>"; };
		C17B49B129DEF6B1007FB2F3 /* GeneralStudies.swift */ = {isa = PBXFileReference; lastKnownFileType = sourcecode.swift; path = GeneralStudies.swift; sourceTree = "<group>"; };
		C17B49B329DEF789007FB2F3 /* PhysicalEducation.swift */ = {isa = PBXFileReference; lastKnownFileType = sourcecode.swift; path = PhysicalEducation.swift; sourceTree = "<group>"; };
		C17B49B529DEFB0C007FB2F3 /* Score.swift */ = {isa = PBXFileReference; lastKnownFileType = sourcecode.swift; path = Score.swift; sourceTree = "<group>"; };
		C17B49B729DEFBE0007FB2F3 /* CreditEnquiry.swift */ = {isa = PBXFileReference; lastKnownFileType = sourcecode.swift; path = CreditEnquiry.swift; sourceTree = "<group>"; };
		C18DB4BC29DFD94F000AA7CA /* CardView.swift */ = {isa = PBXFileReference; lastKnownFileType = sourcecode.swift; path = CardView.swift; sourceTree = "<group>"; };
		C18DB4BE29DFD97F000AA7CA /* Information.swift */ = {isa = PBXFileReference; lastKnownFileType = sourcecode.swift; path = Information.swift; sourceTree = "<group>"; };
		C18DB4C029DFDCB7000AA7CA /* SchoolWebsiteView.swift */ = {isa = PBXFileReference; lastKnownFileType = sourcecode.swift; path = SchoolWebsiteView.swift; sourceTree = "<group>"; };
		C18DB4C329E021F7000AA7CA /* ScheduleView.swift */ = {isa = PBXFileReference; lastKnownFileType = sourcecode.swift; path = ScheduleView.swift; sourceTree = "<group>"; };
		C18DB4C529E0282D000AA7CA /* CreditInfo.swift */ = {isa = PBXFileReference; lastKnownFileType = sourcecode.swift; path = CreditInfo.swift; sourceTree = "<group>"; };
		C18DB4C929E03230000AA7CA /* GradingFunc.swift */ = {isa = PBXFileReference; lastKnownFileType = sourcecode.swift; path = GradingFunc.swift; sourceTree = "<group>"; };
		C1A7CBCE29DA83B900306AD2 /* CompactFilterBar.swift */ = {isa = PBXFileReference; lastKnownFileType = sourcecode.swift; path = CompactFilterBar.swift; sourceTree = "<group>"; };
		C1AE4E0B29D084E600CD44DE /* SearchBar.swift */ = {isa = PBXFileReference; lastKnownFileType = sourcecode.swift; path = SearchBar.swift; sourceTree = "<group>"; };
		C1AE4E0D29D08AB500CD44DE /* CourseDetailView.swift */ = {isa = PBXFileReference; lastKnownFileType = sourcecode.swift; path = CourseDetailView.swift; sourceTree = "<group>"; };
		C1C4C54C29C8980800E79AB4 /* CourseSelection.app */ = {isa = PBXFileReference; explicitFileType = wrapper.application; includeInIndex = 0; path = CourseSelection.app; sourceTree = BUILT_PRODUCTS_DIR; };
		C1C4C54F29C8980800E79AB4 /* CourseSelectionApp.swift */ = {isa = PBXFileReference; lastKnownFileType = sourcecode.swift; path = CourseSelectionApp.swift; sourceTree = "<group>"; };
		C1C4C55129C8980800E79AB4 /* ContentView.swift */ = {isa = PBXFileReference; lastKnownFileType = sourcecode.swift; path = ContentView.swift; sourceTree = "<group>"; };
		C1C4C55329C8980900E79AB4 /* Assets.xcassets */ = {isa = PBXFileReference; lastKnownFileType = folder.assetcatalog; path = Assets.xcassets; sourceTree = "<group>"; };
		C1C4C55529C8980900E79AB4 /* CourseSelection.entitlements */ = {isa = PBXFileReference; lastKnownFileType = text.plist.entitlements; path = CourseSelection.entitlements; sourceTree = "<group>"; };
		C1C4C55729C8980900E79AB4 /* Preview Assets.xcassets */ = {isa = PBXFileReference; lastKnownFileType = folder.assetcatalog; path = "Preview Assets.xcassets"; sourceTree = "<group>"; };
		C1C4C56129C8986100E79AB4 /* Course.swift */ = {isa = PBXFileReference; lastKnownFileType = sourcecode.swift; path = Course.swift; sourceTree = "<group>"; };
		C1DDDE9929DAB7EB00F1728A /* Background.swift */ = {isa = PBXFileReference; lastKnownFileType = sourcecode.swift; path = Background.swift; sourceTree = "<group>"; };
		C1DDDE9B29DAB83600F1728A /* Time.swift */ = {isa = PBXFileReference; lastKnownFileType = sourcecode.swift; path = Time.swift; sourceTree = "<group>"; };
		C1DDDE9D29DABAA800F1728A /* FavoritesView.swift */ = {isa = PBXFileReference; lastKnownFileType = sourcecode.swift; path = FavoritesView.swift; sourceTree = "<group>"; };
		C1FF9B1129D94D0000EAA510 /* FilterBar.swift */ = {isa = PBXFileReference; lastKnownFileType = sourcecode.swift; path = FilterBar.swift; sourceTree = "<group>"; };
/* End PBXFileReference section */

/* Begin PBXFrameworksBuildPhase section */
		C1C4C54929C8980800E79AB4 /* Frameworks */ = {
			isa = PBXFrameworksBuildPhase;
			buildActionMask = 2147483647;
			files = (
			);
			runOnlyForDeploymentPostprocessing = 0;
		};
/* End PBXFrameworksBuildPhase section */

/* Begin PBXGroup section */
		C103A5B929D6959300F1F442 /* GeneralStudies */ = {
			isa = PBXGroup;
			children = (
				C103A5BA29D6993A00F1F442 /* GeneralStudiesView.swift */,
				C103A5BC29D699B200F1F442 /* VolunteerView.swift */,
				C103A5BE29D69BF700F1F442 /* GeneralStudiesList.swift */,
				C1A7CBCE29DA83B900306AD2 /* CompactFilterBar.swift */,
			);
			path = GeneralStudies;
			sourceTree = "<group>";
		};
		C109514929E1667100ABDEA2 /* MainCourseSelection */ = {
			isa = PBXGroup;
			children = (
				C1235C3529DEAEA200101F6D /* MainCourseSelectionView.swift */,
			);
			path = MainCourseSelection;
			sourceTree = "<group>";
		};
		C1235C3229DEAB6D00101F6D /* Login */ = {
			isa = PBXGroup;
			children = (
				C1235C3329DEAB8800101F6D /* LoginView.swift */,
			);
			path = Login;
			sourceTree = "<group>";
		};
		C1235C3929DEB44000101F6D /* HomePage */ = {
			isa = PBXGroup;
			children = (
				C1235C3729DEB02600101F6D /* HomePageView.swift */,
				C1235C3A29DEB46400101F6D /* ImageRow.swift */,
				C1235C3C29DEB4B200101F6D /* FullImageRow.swift */,
				C1235C4429DEBE8400101F6D /* CustomBackButton.swift */,
			);
			path = HomePage;
			sourceTree = "<group>";
		};
		C136672229C89BDF009B6FA3 /* Func */ = {
			isa = PBXGroup;
			children = (
				C136672329C89BEF009B6FA3 /* func.swift */,
			);
			path = Func;
			sourceTree = "<group>";
		};
		C136672529C89BFE009B6FA3 /* View */ = {
			isa = PBXGroup;
			children = (
				C109514929E1667100ABDEA2 /* MainCourseSelection */,
				C18DB4C229E021D4000AA7CA /* Schedule */,
				C18DB4BB29DFD793000AA7CA /* SchoolWebsite */,
				C17B49A629DEE8C8007FB2F3 /* Grading */,
				C1235C3929DEB44000101F6D /* HomePage */,
				C1235C3229DEAB6D00101F6D /* Login */,
				C1DDDE9829DAB7D200F1728A /* Favorites */,
				C103A5B929D6959300F1F442 /* GeneralStudies */,
				C136672829C89C74009B6FA3 /* GeneralCourse */,
			);
			path = View;
			sourceTree = "<group>";
		};
		C136672829C89C74009B6FA3 /* GeneralCourse */ = {
			isa = PBXGroup;
			children = (
				C136672929C89C88009B6FA3 /* GeneralCourseView.swift */,
				C136672B29C89C9B009B6FA3 /* TextImageRow.swift */,
				C1AE4E0B29D084E600CD44DE /* SearchBar.swift */,
				C1AE4E0D29D08AB500CD44DE /* CourseDetailView.swift */,
				C1FF9B1129D94D0000EAA510 /* FilterBar.swift */,
			);
			path = GeneralCourse;
			sourceTree = "<group>";
		};
		C17B49A629DEE8C8007FB2F3 /* Grading */ = {
			isa = PBXGroup;
			children = (
				C17B49A729DEE918007FB2F3 /* GradingView.swift */,
				C17B49A929DEE9FB007FB2F3 /* CreditsView.swift */,
				C17B49AB29DEEA0D007FB2F3 /* GradesView.swift */,
				C17B49AD29DEEB97007FB2F3 /* GraduationThreshold.swift */,
				C17B49B129DEF6B1007FB2F3 /* GeneralStudies.swift */,
				C17B49B329DEF789007FB2F3 /* PhysicalEducation.swift */,
				C17B49B729DEFBE0007FB2F3 /* CreditEnquiry.swift */,
				C18DB4C929E03230000AA7CA /* GradingFunc.swift */,
			);
			path = Grading;
			sourceTree = "<group>";
		};
		C18DB4BB29DFD793000AA7CA /* SchoolWebsite */ = {
			isa = PBXGroup;
			children = (
				C18DB4BC29DFD94F000AA7CA /* CardView.swift */,
				C18DB4C029DFDCB7000AA7CA /* SchoolWebsiteView.swift */,
			);
			path = SchoolWebsite;
			sourceTree = "<group>";
		};
		C18DB4C229E021D4000AA7CA /* Schedule */ = {
			isa = PBXGroup;
			children = (
				C18DB4C329E021F7000AA7CA /* ScheduleView.swift */,
			);
			path = Schedule;
			sourceTree = "<group>";
		};
		C1C4C54329C8980800E79AB4 = {
			isa = PBXGroup;
			children = (
				C1C4C54E29C8980800E79AB4 /* CourseSelection */,
				C1C4C54D29C8980800E79AB4 /* Products */,
			);
			sourceTree = "<group>";
		};
		C1C4C54D29C8980800E79AB4 /* Products */ = {
			isa = PBXGroup;
			children = (
				C1C4C54C29C8980800E79AB4 /* CourseSelection.app */,
			);
			name = Products;
			sourceTree = "<group>";
		};
		C1C4C54E29C8980800E79AB4 /* CourseSelection */ = {
			isa = PBXGroup;
			children = (
				C136672529C89BFE009B6FA3 /* View */,
				C136672229C89BDF009B6FA3 /* Func */,
				C1C4C56029C8984C00E79AB4 /* Model */,
				C1C4C54F29C8980800E79AB4 /* CourseSelectionApp.swift */,
				C1C4C55129C8980800E79AB4 /* ContentView.swift */,
				C1C4C55329C8980900E79AB4 /* Assets.xcassets */,
				C1C4C55529C8980900E79AB4 /* CourseSelection.entitlements */,
				C1C4C55629C8980900E79AB4 /* Preview Content */,
			);
			path = CourseSelection;
			sourceTree = "<group>";
		};
		C1C4C55629C8980900E79AB4 /* Preview Content */ = {
			isa = PBXGroup;
			children = (
				C1C4C55729C8980900E79AB4 /* Preview Assets.xcassets */,
			);
			path = "Preview Content";
			sourceTree = "<group>";
		};
		C1C4C56029C8984C00E79AB4 /* Model */ = {
			isa = PBXGroup;
			children = (
				C1C4C56129C8986100E79AB4 /* Course.swift */,
				C1DDDE9B29DAB83600F1728A /* Time.swift */,
				C17B49B529DEFB0C007FB2F3 /* Score.swift */,
				C18DB4BE29DFD97F000AA7CA /* Information.swift */,
				C18DB4C529E0282D000AA7CA /* CreditInfo.swift */,
				C109514729E160F600ABDEA2 /* Account.swift */,
			);
			path = Model;
			sourceTree = "<group>";
		};
		C1DDDE9829DAB7D200F1728A /* Favorites */ = {
			isa = PBXGroup;
			children = (
				C1DDDE9929DAB7EB00F1728A /* Background.swift */,
				C1DDDE9D29DABAA800F1728A /* FavoritesView.swift */,
			);
			path = Favorites;
			sourceTree = "<group>";
		};
/* End PBXGroup section */

/* Begin PBXNativeTarget section */
		C1C4C54B29C8980800E79AB4 /* CourseSelection */ = {
			isa = PBXNativeTarget;
			buildConfigurationList = C1C4C55B29C8980900E79AB4 /* Build configuration list for PBXNativeTarget "CourseSelection" */;
			buildPhases = (
				C1C4C54829C8980800E79AB4 /* Sources */,
				C1C4C54929C8980800E79AB4 /* Frameworks */,
				C1C4C54A29C8980800E79AB4 /* Resources */,
			);
			buildRules = (
			);
			dependencies = (
			);
			name = CourseSelection;
			productName = CourseSelection;
			productReference = C1C4C54C29C8980800E79AB4 /* CourseSelection.app */;
			productType = "com.apple.product-type.application";
		};
/* End PBXNativeTarget section */

/* Begin PBXProject section */
		C1C4C54429C8980800E79AB4 /* Project object */ = {
			isa = PBXProject;
			attributes = {
				BuildIndependentTargetsInParallel = 1;
				LastSwiftUpdateCheck = 1410;
				LastUpgradeCheck = 1410;
				TargetAttributes = {
					C1C4C54B29C8980800E79AB4 = {
						CreatedOnToolsVersion = 14.1;
					};
				};
			};
			buildConfigurationList = C1C4C54729C8980800E79AB4 /* Build configuration list for PBXProject "CourseSelection" */;
			compatibilityVersion = "Xcode 14.0";
			developmentRegion = en;
			hasScannedForEncodings = 0;
			knownRegions = (
				en,
				Base,
			);
			mainGroup = C1C4C54329C8980800E79AB4;
			productRefGroup = C1C4C54D29C8980800E79AB4 /* Products */;
			projectDirPath = "";
			projectRoot = "";
			targets = (
				C1C4C54B29C8980800E79AB4 /* CourseSelection */,
			);
		};
/* End PBXProject section */

/* Begin PBXResourcesBuildPhase section */
		C1C4C54A29C8980800E79AB4 /* Resources */ = {
			isa = PBXResourcesBuildPhase;
			buildActionMask = 2147483647;
			files = (
				C1C4C55829C8980900E79AB4 /* Preview Assets.xcassets in Resources */,
				C1C4C55429C8980900E79AB4 /* Assets.xcassets in Resources */,
			);
			runOnlyForDeploymentPostprocessing = 0;
		};
/* End PBXResourcesBuildPhase section */

/* Begin PBXSourcesBuildPhase section */
		C1C4C54829C8980800E79AB4 /* Sources */ = {
			isa = PBXSourcesBuildPhase;
			buildActionMask = 2147483647;
			files = (
				C18DB4C129DFDCB7000AA7CA /* SchoolWebsiteView.swift in Sources */,
				C1235C3B29DEB46400101F6D /* ImageRow.swift in Sources */,
				C1A7CBCF29DA83B900306AD2 /* CompactFilterBar.swift in Sources */,
				C1DDDE9A29DAB7EB00F1728A /* Background.swift in Sources */,
				C18DB4CA29E03230000AA7CA /* GradingFunc.swift in Sources */,
				C18DB4BD29DFD94F000AA7CA /* CardView.swift in Sources */,
				C17B49B429DEF789007FB2F3 /* PhysicalEducation.swift in Sources */,
				C1AE4E0E29D08AB500CD44DE /* CourseDetailView.swift in Sources */,
				C109514829E160F600ABDEA2 /* Account.swift in Sources */,
				C18DB4C429E021F7000AA7CA /* ScheduleView.swift in Sources */,
				C1AE4E0C29D084E600CD44DE /* SearchBar.swift in Sources */,
				C1C4C56229C8986100E79AB4 /* Course.swift in Sources */,
				C17B49B229DEF6B1007FB2F3 /* GeneralStudies.swift in Sources */,
				C103A5BB29D6993A00F1F442 /* GeneralStudiesView.swift in Sources */,
				C136672C29C89C9B009B6FA3 /* TextImageRow.swift in Sources */,
				C1FF9B1229D94D0000EAA510 /* FilterBar.swift in Sources */,
				C17B49B629DEFB0C007FB2F3 /* Score.swift in Sources */,
				C1235C3D29DEB4B200101F6D /* FullImageRow.swift in Sources */,
				C1235C4529DEBE8400101F6D /* CustomBackButton.swift in Sources */,
				C136672429C89BEF009B6FA3 /* func.swift in Sources */,
				C1C4C55229C8980800E79AB4 /* ContentView.swift in Sources */,
				C17B49AE29DEEB97007FB2F3 /* GraduationThreshold.swift in Sources */,
				C18DB4BF29DFD97F000AA7CA /* Information.swift in Sources */,
				C1235C3429DEAB8800101F6D /* LoginView.swift in Sources */,
				C1235C3629DEAEA200101F6D /* MainCourseSelectionView.swift in Sources */,
				C103A5BF29D69BF700F1F442 /* GeneralStudiesList.swift in Sources */,
				C1235C3829DEB02600101F6D /* HomePageView.swift in Sources */,
				C136672A29C89C88009B6FA3 /* GeneralCourseView.swift in Sources */,
				C1DDDE9E29DABAA800F1728A /* FavoritesView.swift in Sources */,
				C17B49A829DEE918007FB2F3 /* GradingView.swift in Sources */,
				C17B49B829DEFBE0007FB2F3 /* CreditEnquiry.swift in Sources */,
				C1DDDE9C29DAB83600F1728A /* Time.swift in Sources */,
				C17B49AA29DEE9FB007FB2F3 /* CreditsView.swift in Sources */,
				C18DB4C629E0282D000AA7CA /* CreditInfo.swift in Sources */,
				C1C4C55029C8980800E79AB4 /* CourseSelectionApp.swift in Sources */,
				C103A5BD29D699B200F1F442 /* VolunteerView.swift in Sources */,
				C17B49AC29DEEA0D007FB2F3 /* GradesView.swift in Sources */,
			);
			runOnlyForDeploymentPostprocessing = 0;
		};
/* End PBXSourcesBuildPhase section */

/* Begin XCBuildConfiguration section */
		C1C4C55929C8980900E79AB4 /* Debug */ = {
			isa = XCBuildConfiguration;
			buildSettings = {
				ALWAYS_SEARCH_USER_PATHS = NO;
				CLANG_ANALYZER_NONNULL = YES;
				CLANG_ANALYZER_NUMBER_OBJECT_CONVERSION = YES_AGGRESSIVE;
				CLANG_CXX_LANGUAGE_STANDARD = "gnu++20";
				CLANG_ENABLE_MODULES = YES;
				CLANG_ENABLE_OBJC_ARC = YES;
				CLANG_ENABLE_OBJC_WEAK = YES;
				CLANG_WARN_BLOCK_CAPTURE_AUTORELEASING = YES;
				CLANG_WARN_BOOL_CONVERSION = YES;
				CLANG_WARN_COMMA = YES;
				CLANG_WARN_CONSTANT_CONVERSION = YES;
				CLANG_WARN_DEPRECATED_OBJC_IMPLEMENTATIONS = YES;
				CLANG_WARN_DIRECT_OBJC_ISA_USAGE = YES_ERROR;
				CLANG_WARN_DOCUMENTATION_COMMENTS = YES;
				CLANG_WARN_EMPTY_BODY = YES;
				CLANG_WARN_ENUM_CONVERSION = YES;
				CLANG_WARN_INFINITE_RECURSION = YES;
				CLANG_WARN_INT_CONVERSION = YES;
				CLANG_WARN_NON_LITERAL_NULL_CONVERSION = YES;
				CLANG_WARN_OBJC_IMPLICIT_RETAIN_SELF = YES;
				CLANG_WARN_OBJC_LITERAL_CONVERSION = YES;
				CLANG_WARN_OBJC_ROOT_CLASS = YES_ERROR;
				CLANG_WARN_QUOTED_INCLUDE_IN_FRAMEWORK_HEADER = YES;
				CLANG_WARN_RANGE_LOOP_ANALYSIS = YES;
				CLANG_WARN_STRICT_PROTOTYPES = YES;
				CLANG_WARN_SUSPICIOUS_MOVE = YES;
				CLANG_WARN_UNGUARDED_AVAILABILITY = YES_AGGRESSIVE;
				CLANG_WARN_UNREACHABLE_CODE = YES;
				CLANG_WARN__DUPLICATE_METHOD_MATCH = YES;
				COPY_PHASE_STRIP = NO;
				DEBUG_INFORMATION_FORMAT = dwarf;
				ENABLE_STRICT_OBJC_MSGSEND = YES;
				ENABLE_TESTABILITY = YES;
				GCC_C_LANGUAGE_STANDARD = gnu11;
				GCC_DYNAMIC_NO_PIC = NO;
				GCC_NO_COMMON_BLOCKS = YES;
				GCC_OPTIMIZATION_LEVEL = 0;
				GCC_PREPROCESSOR_DEFINITIONS = (
					"DEBUG=1",
					"$(inherited)",
				);
				GCC_WARN_64_TO_32_BIT_CONVERSION = YES;
				GCC_WARN_ABOUT_RETURN_TYPE = YES_ERROR;
				GCC_WARN_UNDECLARED_SELECTOR = YES;
				GCC_WARN_UNINITIALIZED_AUTOS = YES_AGGRESSIVE;
				GCC_WARN_UNUSED_FUNCTION = YES;
				GCC_WARN_UNUSED_VARIABLE = YES;
				MTL_ENABLE_DEBUG_INFO = INCLUDE_SOURCE;
				MTL_FAST_MATH = YES;
				ONLY_ACTIVE_ARCH = YES;
				SWIFT_ACTIVE_COMPILATION_CONDITIONS = DEBUG;
				SWIFT_OPTIMIZATION_LEVEL = "-Onone";
			};
			name = Debug;
		};
		C1C4C55A29C8980900E79AB4 /* Release */ = {
			isa = XCBuildConfiguration;
			buildSettings = {
				ALWAYS_SEARCH_USER_PATHS = NO;
				CLANG_ANALYZER_NONNULL = YES;
				CLANG_ANALYZER_NUMBER_OBJECT_CONVERSION = YES_AGGRESSIVE;
				CLANG_CXX_LANGUAGE_STANDARD = "gnu++20";
				CLANG_ENABLE_MODULES = YES;
				CLANG_ENABLE_OBJC_ARC = YES;
				CLANG_ENABLE_OBJC_WEAK = YES;
				CLANG_WARN_BLOCK_CAPTURE_AUTORELEASING = YES;
				CLANG_WARN_BOOL_CONVERSION = YES;
				CLANG_WARN_COMMA = YES;
				CLANG_WARN_CONSTANT_CONVERSION = YES;
				CLANG_WARN_DEPRECATED_OBJC_IMPLEMENTATIONS = YES;
				CLANG_WARN_DIRECT_OBJC_ISA_USAGE = YES_ERROR;
				CLANG_WARN_DOCUMENTATION_COMMENTS = YES;
				CLANG_WARN_EMPTY_BODY = YES;
				CLANG_WARN_ENUM_CONVERSION = YES;
				CLANG_WARN_INFINITE_RECURSION = YES;
				CLANG_WARN_INT_CONVERSION = YES;
				CLANG_WARN_NON_LITERAL_NULL_CONVERSION = YES;
				CLANG_WARN_OBJC_IMPLICIT_RETAIN_SELF = YES;
				CLANG_WARN_OBJC_LITERAL_CONVERSION = YES;
				CLANG_WARN_OBJC_ROOT_CLASS = YES_ERROR;
				CLANG_WARN_QUOTED_INCLUDE_IN_FRAMEWORK_HEADER = YES;
				CLANG_WARN_RANGE_LOOP_ANALYSIS = YES;
				CLANG_WARN_STRICT_PROTOTYPES = YES;
				CLANG_WARN_SUSPICIOUS_MOVE = YES;
				CLANG_WARN_UNGUARDED_AVAILABILITY = YES_AGGRESSIVE;
				CLANG_WARN_UNREACHABLE_CODE = YES;
				CLANG_WARN__DUPLICATE_METHOD_MATCH = YES;
				COPY_PHASE_STRIP = NO;
				DEBUG_INFORMATION_FORMAT = "dwarf-with-dsym";
				ENABLE_NS_ASSERTIONS = NO;
				ENABLE_STRICT_OBJC_MSGSEND = YES;
				GCC_C_LANGUAGE_STANDARD = gnu11;
				GCC_NO_COMMON_BLOCKS = YES;
				GCC_WARN_64_TO_32_BIT_CONVERSION = YES;
				GCC_WARN_ABOUT_RETURN_TYPE = YES_ERROR;
				GCC_WARN_UNDECLARED_SELECTOR = YES;
				GCC_WARN_UNINITIALIZED_AUTOS = YES_AGGRESSIVE;
				GCC_WARN_UNUSED_FUNCTION = YES;
				GCC_WARN_UNUSED_VARIABLE = YES;
				MTL_ENABLE_DEBUG_INFO = NO;
				MTL_FAST_MATH = YES;
				SWIFT_COMPILATION_MODE = wholemodule;
				SWIFT_OPTIMIZATION_LEVEL = "-O";
			};
			name = Release;
		};
		C1C4C55C29C8980900E79AB4 /* Debug */ = {
			isa = XCBuildConfiguration;
			buildSettings = {
				ASSETCATALOG_COMPILER_APPICON_NAME = AppIcon;
				ASSETCATALOG_COMPILER_GLOBAL_ACCENT_COLOR_NAME = AccentColor;
				CODE_SIGN_ENTITLEMENTS = CourseSelection/CourseSelection.entitlements;
				CODE_SIGN_STYLE = Automatic;
				CURRENT_PROJECT_VERSION = 1;
				DEVELOPMENT_ASSET_PATHS = "\"CourseSelection/Preview Content\"";
				DEVELOPMENT_TEAM = PM46YTNU83;
				ENABLE_HARDENED_RUNTIME = YES;
				ENABLE_PREVIEWS = YES;
				GENERATE_INFOPLIST_FILE = YES;
				"INFOPLIST_KEY_UIApplicationSceneManifest_Generation[sdk=iphoneos*]" = YES;
				"INFOPLIST_KEY_UIApplicationSceneManifest_Generation[sdk=iphonesimulator*]" = YES;
				"INFOPLIST_KEY_UIApplicationSupportsIndirectInputEvents[sdk=iphoneos*]" = YES;
				"INFOPLIST_KEY_UIApplicationSupportsIndirectInputEvents[sdk=iphonesimulator*]" = YES;
				"INFOPLIST_KEY_UILaunchScreen_Generation[sdk=iphoneos*]" = YES;
				"INFOPLIST_KEY_UILaunchScreen_Generation[sdk=iphonesimulator*]" = YES;
				"INFOPLIST_KEY_UIStatusBarStyle[sdk=iphoneos*]" = UIStatusBarStyleDefault;
				"INFOPLIST_KEY_UIStatusBarStyle[sdk=iphonesimulator*]" = UIStatusBarStyleDefault;
				INFOPLIST_KEY_UISupportedInterfaceOrientations_iPad = "UIInterfaceOrientationPortrait UIInterfaceOrientationPortraitUpsideDown UIInterfaceOrientationLandscapeLeft UIInterfaceOrientationLandscapeRight";
				INFOPLIST_KEY_UISupportedInterfaceOrientations_iPhone = "UIInterfaceOrientationPortrait UIInterfaceOrientationLandscapeLeft UIInterfaceOrientationLandscapeRight";
				IPHONEOS_DEPLOYMENT_TARGET = 16.1;
				LD_RUNPATH_SEARCH_PATHS = "@executable_path/Frameworks";
				"LD_RUNPATH_SEARCH_PATHS[sdk=macosx*]" = "@executable_path/../Frameworks";
				MACOSX_DEPLOYMENT_TARGET = 13.0;
				MARKETING_VERSION = 1.0;
				PRODUCT_BUNDLE_IDENTIFIER = com.yoga.CourseSelection;
				PRODUCT_NAME = "$(TARGET_NAME)";
				SDKROOT = auto;
				SUPPORTED_PLATFORMS = "iphoneos iphonesimulator macosx";
				SWIFT_EMIT_LOC_STRINGS = YES;
				SWIFT_VERSION = 5.0;
				TARGETED_DEVICE_FAMILY = "1,2";
			};
			name = Debug;
		};
		C1C4C55D29C8980900E79AB4 /* Release */ = {
			isa = XCBuildConfiguration;
			buildSettings = {
				ASSETCATALOG_COMPILER_APPICON_NAME = AppIcon;
				ASSETCATALOG_COMPILER_GLOBAL_ACCENT_COLOR_NAME = AccentColor;
				CODE_SIGN_ENTITLEMENTS = CourseSelection/CourseSelection.entitlements;
				CODE_SIGN_STYLE = Automatic;
				CURRENT_PROJECT_VERSION = 1;
				DEVELOPMENT_ASSET_PATHS = "\"CourseSelection/Preview Content\"";
				DEVELOPMENT_TEAM = PM46YTNU83;
				ENABLE_HARDENED_RUNTIME = YES;
				ENABLE_PREVIEWS = YES;
				GENERATE_INFOPLIST_FILE = YES;
				"INFOPLIST_KEY_UIApplicationSceneManifest_Generation[sdk=iphoneos*]" = YES;
				"INFOPLIST_KEY_UIApplicationSceneManifest_Generation[sdk=iphonesimulator*]" = YES;
				"INFOPLIST_KEY_UIApplicationSupportsIndirectInputEvents[sdk=iphoneos*]" = YES;
				"INFOPLIST_KEY_UIApplicationSupportsIndirectInputEvents[sdk=iphonesimulator*]" = YES;
				"INFOPLIST_KEY_UILaunchScreen_Generation[sdk=iphoneos*]" = YES;
				"INFOPLIST_KEY_UILaunchScreen_Generation[sdk=iphonesimulator*]" = YES;
				"INFOPLIST_KEY_UIStatusBarStyle[sdk=iphoneos*]" = UIStatusBarStyleDefault;
				"INFOPLIST_KEY_UIStatusBarStyle[sdk=iphonesimulator*]" = UIStatusBarStyleDefault;
				INFOPLIST_KEY_UISupportedInterfaceOrientations_iPad = "UIInterfaceOrientationPortrait UIInterfaceOrientationPortraitUpsideDown UIInterfaceOrientationLandscapeLeft UIInterfaceOrientationLandscapeRight";
				INFOPLIST_KEY_UISupportedInterfaceOrientations_iPhone = "UIInterfaceOrientationPortrait UIInterfaceOrientationLandscapeLeft UIInterfaceOrientationLandscapeRight";
				IPHONEOS_DEPLOYMENT_TARGET = 16.1;
				LD_RUNPATH_SEARCH_PATHS = "@executable_path/Frameworks";
				"LD_RUNPATH_SEARCH_PATHS[sdk=macosx*]" = "@executable_path/../Frameworks";
				MACOSX_DEPLOYMENT_TARGET = 13.0;
				MARKETING_VERSION = 1.0;
				PRODUCT_BUNDLE_IDENTIFIER = com.yoga.CourseSelection;
				PRODUCT_NAME = "$(TARGET_NAME)";
				SDKROOT = auto;
				SUPPORTED_PLATFORMS = "iphoneos iphonesimulator macosx";
				SWIFT_EMIT_LOC_STRINGS = YES;
				SWIFT_VERSION = 5.0;
				TARGETED_DEVICE_FAMILY = "1,2";
			};
			name = Release;
		};
/* End XCBuildConfiguration section */

/* Begin XCConfigurationList section */
		C1C4C54729C8980800E79AB4 /* Build configuration list for PBXProject "CourseSelection" */ = {
			isa = XCConfigurationList;
			buildConfigurations = (
				C1C4C55929C8980900E79AB4 /* Debug */,
				C1C4C55A29C8980900E79AB4 /* Release */,
			);
			defaultConfigurationIsVisible = 0;
			defaultConfigurationName = Release;
		};
		C1C4C55B29C8980900E79AB4 /* Build configuration list for PBXNativeTarget "CourseSelection" */ = {
			isa = XCConfigurationList;
			buildConfigurations = (
				C1C4C55C29C8980900E79AB4 /* Debug */,
				C1C4C55D29C8980900E79AB4 /* Release */,
			);
			defaultConfigurationIsVisible = 0;
			defaultConfigurationName = Release;
		};
/* End XCConfigurationList section */
	};
	rootObject = C1C4C54429C8980800E79AB4 /* Project object */;
}
